<?xml version="1.0" encoding="utf-8"?>
<Project ToolsVersion="4.0" xmlns="http://schemas.microsoft.com/developer/msbuild/2003">
  <ItemGroup>
    <Filter Include="Source Files">
      <UniqueIdentifier>{4FC737F1-C7A5-4376-A066-2A32D752A2FF}</UniqueIdentifier>
      <Extensions>cpp;c;cc;cxx;c++;cppm;ixx;def;odl;idl;hpj;bat;asm;asmx</Extensions>
    </Filter>
    <Filter Include="Header Files">
      <UniqueIdentifier>{93995380-89BD-4b04-88EB-625FBE52EBFB}</UniqueIdentifier>
      <Extensions>h;hh;hpp;hxx;h++;hm;inl;inc;ipp;xsd</Extensions>
    </Filter>
    <Filter Include="Resource Files">
      <UniqueIdentifier>{67DA6AB6-F800-4c08-8B7A-83BB121AAD01}</UniqueIdentifier>
      <Extensions>rc;ico;cur;bmp;dlg;rc2;rct;bin;rgs;gif;jpg;jpeg;jpe;resx;tiff;tif;png;wav;mfcribbon-ms</Extensions>
    </Filter>
    <Filter Include="Source Files\image">
      <UniqueIdentifier>{0ca78fbf-71cb-42a3-aff5-70ccb43ecb02}</UniqueIdentifier>
    </Filter>
  </ItemGroup>
  <ItemGroup>
    <ClCompile Include="gameProcess.cpp">
      <Filter>Source Files</Filter>
    </ClCompile>
    <ClCompile Include="main.cpp">
      <Filter>Source Files</Filter>
    </ClCompile>
    <ClCompile Include="introduce.cpp">
      <Filter>Source Files</Filter>
    </ClCompile>
    <ClCompile Include="tutorial.cpp">
      <Filter>Source Files</Filter>
    </ClCompile>
    <ClCompile Include="loginProcess.cpp">
      <Filter>Source Files</Filter>
    </ClCompile>
    <ClCompile Include="displayGame.cpp">
      <Filter>Source Files</Filter>
    </ClCompile>
    <ClCompile Include="gameLogic.cpp">
      <Filter>Source Files</Filter>
    </ClCompile>
    <ClCompile Include="chart.cpp">
      <Filter>Source Files</Filter>
    </ClCompile>
    <ClCompile Include="updatePlayers.cpp">
      <Filter>Source Files</Filter>
    </ClCompile>
    <ClCompile Include="initGame.cpp">
      <Filter>Source Files</Filter>
    </ClCompile>
    <ClCompile Include="isExistName.cpp">
      <Filter>Source Files</Filter>
    </ClCompile>
    <ClCompile Include="addAndSort.cpp">
      <Filter>Source Files</Filter>
    </ClCompile>
    <ClCompile Include="releaseMemory.cpp">
      <Filter>Source Files</Filter>
    </ClCompile>
    <ClCompile Include="continuePlayGame.cpp">
      <Filter>Source Files</Filter>
    </ClCompile>
    <ClCompile Include="isWinGame.cpp">
      <Filter>Source Files</Filter>
    </ClCompile>
    <ClCompile Include="isZerotable.cpp">
      <Filter>Source Files</Filter>
    </ClCompile>
    <ClCompile Include="isGameOver.cpp">
      <Filter>Source Files</Filter>
    </ClCompile>
    <ClCompile Include="showTop20List.cpp">
      <Filter>Source Files</Filter>
    </ClCompile>
    <ClCompile Include="mainMenuScreen.cpp">
      <Filter>Source Files</Filter>
    </ClCompile>
    <ClCompile Include="menuSetting.cpp">
      <Filter>Source Files</Filter>
    </ClCompile>
    <ClCompile Include="menuLogin.cpp">
      <Filter>Source Files</Filter>
    </ClCompile>
    <ClCompile Include="isPlayedPrevGame.cpp">
      <Filter>Source Files</Filter>
    </ClCompile>
    <ClCompile Include="restart.cpp">
      <Filter>Source Files</Filter>
    </ClCompile>
    <ClCompile Include="undo_redo.cpp">
      <Filter>Source Files</Filter>
    </ClCompile>
    <ClCompile Include="buildStack.cpp">
      <Filter>Source Files</Filter>
    </ClCompile>
    <ClCompile Include="menuResume.cpp">
      <Filter>Source Files</Filter>
    </ClCompile>
    <ClCompile Include="isValidName.cpp">
      <Filter>Source Files</Filter>
    </ClCompile>
    <ClCompile Include="winScreen.cpp">
      <Filter>Source Files</Filter>
    </ClCompile>
    <ClCompile Include="gameOverScreen.cpp">
      <Filter>Source Files</Filter>
    </ClCompile>
    <ClCompile Include="thankYou.cpp">
      <Filter>Source Files</Filter>
    </ClCompile>
  </ItemGroup>
  <ItemGroup>
    <ClInclude Include="functions.h">
      <Filter>Header Files</Filter>
    </ClInclude>
    <ClInclude Include="prepareForGame.h">
      <Filter>Header Files</Filter>
    </ClInclude>
    <ClInclude Include="gameLogic.h">
      <Filter>Header Files</Filter>
    </ClInclude>
    <ClInclude Include="undo_redo.h">
      <Filter>Header Files</Filter>
    </ClInclude>
  </ItemGroup>
</Project>